// !$*UTF8*$!
{
	archiveVersion = 1;
	classes = {
	};
	objectVersion = 48;
	objects = {

/* Begin PBXBuildFile section */
		F33D5525202D57EC00264C81 /* AppDelegate.swift in Sources */ = {isa = PBXBuildFile; fileRef = F33D5524202D57EC00264C81 /* AppDelegate.swift */; };
		F33D5527202D57EC00264C81 /* ViewController.swift in Sources */ = {isa = PBXBuildFile; fileRef = F33D5526202D57EC00264C81 /* ViewController.swift */; };
		F33D552A202D57EC00264C81 /* Main.storyboard in Resources */ = {isa = PBXBuildFile; fileRef = F33D5528202D57EC00264C81 /* Main.storyboard */; };
		F33D552C202D57EC00264C81 /* Assets.xcassets in Resources */ = {isa = PBXBuildFile; fileRef = F33D552B202D57EC00264C81 /* Assets.xcassets */; };
		F33D552F202D57EC00264C81 /* LaunchScreen.storyboard in Resources */ = {isa = PBXBuildFile; fileRef = F33D552D202D57EC00264C81 /* LaunchScreen.storyboard */; };
		F33D5537202D676900264C81 /* ViewController1.swift in Sources */ = {isa = PBXBuildFile; fileRef = F33D5536202D676900264C81 /* ViewController1.swift */; };
		F33D5539202D677400264C81 /* ViewController2.swift in Sources */ = {isa = PBXBuildFile; fileRef = F33D5538202D677400264C81 /* ViewController2.swift */; };
		F33D553B202D677B00264C81 /* ViewController3.swift in Sources */ = {isa = PBXBuildFile; fileRef = F33D553A202D677B00264C81 /* ViewController3.swift */; };
		F33D553D202D678300264C81 /* ViewController4.swift in Sources */ = {isa = PBXBuildFile; fileRef = F33D553C202D678300264C81 /* ViewController4.swift */; };
		F379D9662064B196000723BB /* BXTransition.swift in Sources */ = {isa = PBXBuildFile; fileRef = F379D9652064B196000723BB /* BXTransition.swift */; };
/* End PBXBuildFile section */

/* Begin PBXFileReference section */
		F33D5521202D57EC00264C81 /* BXTransition.app */ = {isa = PBXFileReference; explicitFileType = wrapper.application; includeInIndex = 0; path = BXTransition.app; sourceTree = BUILT_PRODUCTS_DIR; };
		F33D5524202D57EC00264C81 /* AppDelegate.swift */ = {isa = PBXFileReference; lastKnownFileType = sourcecode.swift; path = AppDelegate.swift; sourceTree = "<group>"; };
		F33D5526202D57EC00264C81 /* ViewController.swift */ = {isa = PBXFileReference; lastKnownFileType = sourcecode.swift; path = ViewController.swift; sourceTree = "<group>"; };
		F33D5529202D57EC00264C81 /* Base */ = {isa = PBXFileReference; lastKnownFileType = file.storyboard; name = Base; path = Base.lproj/Main.storyboard; sourceTree = "<group>"; };
		F33D552B202D57EC00264C81 /* Assets.xcassets */ = {isa = PBXFileReference; lastKnownFileType = folder.assetcatalog; path = Assets.xcassets; sourceTree = "<group>"; };
		F33D552E202D57EC00264C81 /* Base */ = {isa = PBXFileReference; lastKnownFileType = file.storyboard; name = Base; path = Base.lproj/LaunchScreen.storyboard; sourceTree = "<group>"; };
		F33D5530202D57EC00264C81 /* Info.plist */ = {isa = PBXFileReference; lastKnownFileType = text.plist.xml; path = Info.plist; sourceTree = "<group>"; };
		F33D5536202D676900264C81 /* ViewController1.swift */ = {isa = PBXFileReference; lastKnownFileType = sourcecode.swift; path = ViewController1.swift; sourceTree = "<group>"; };
		F33D5538202D677400264C81 /* ViewController2.swift */ = {isa = PBXFileReference; lastKnownFileType = sourcecode.swift; path = ViewController2.swift; sourceTree = "<group>"; };
		F33D553A202D677B00264C81 /* ViewController3.swift */ = {isa = PBXFileReference; lastKnownFileType = sourcecode.swift; path = ViewController3.swift; sourceTree = "<group>"; };
		F33D553C202D678300264C81 /* ViewController4.swift */ = {isa = PBXFileReference; lastKnownFileType = sourcecode.swift; path = ViewController4.swift; sourceTree = "<group>"; };
		F379D9652064B196000723BB /* BXTransition.swift */ = {isa = PBXFileReference; lastKnownFileType = sourcecode.swift; path = BXTransition.swift; sourceTree = "<group>"; };
/* End PBXFileReference section */

/* Begin PBXFrameworksBuildPhase section */
		F33D551E202D57EC00264C81 /* Frameworks */ = {
			isa = PBXFrameworksBuildPhase;
			buildActionMask = 2147483647;
			files = (
			);
			runOnlyForDeploymentPostprocessing = 0;
		};
/* End PBXFrameworksBuildPhase section */

/* Begin PBXGroup section */
		F33D5518202D57EC00264C81 = {
			isa = PBXGroup;
			children = (
				F33D5523202D57EC00264C81 /* BXTransition */,
				F33D5522202D57EC00264C81 /* Products */,
			);
			sourceTree = "<group>";
		};
		F33D5522202D57EC00264C81 /* Products */ = {
			isa = PBXGroup;
			children = (
				F33D5521202D57EC00264C81 /* BXTransition.app */,
			);
			name = Products;
			sourceTree = "<group>";
		};
		F33D5523202D57EC00264C81 /* BXTransition */ = {
			isa = PBXGroup;
			children = (
				F379D9652064B196000723BB /* BXTransition.swift */,
				F33D5526202D57EC00264C81 /* ViewController.swift */,
				F33D5536202D676900264C81 /* ViewController1.swift */,
				F33D5538202D677400264C81 /* ViewController2.swift */,
				F33D553A202D677B00264C81 /* ViewController3.swift */,
				F33D553C202D678300264C81 /* ViewController4.swift */,
				F33D5524202D57EC00264C81 /* AppDelegate.swift */,
				F33D5528202D57EC00264C81 /* Main.storyboard */,
				F33D552B202D57EC00264C81 /* Assets.xcassets */,
				F33D552D202D57EC00264C81 /* LaunchScreen.storyboard */,
				F33D5530202D57EC00264C81 /* Info.plist */,
			);
			path = BXTransition;
			sourceTree = "<group>";
		};
/* End PBXGroup section */

/* Begin PBXNativeTarget section */
		F33D5520202D57EC00264C81 /* BXTransition */ = {
			isa = PBXNativeTarget;
			buildConfigurationList = F33D5533202D57EC00264C81 /* Build configuration list for PBXNativeTarget "BXTransition" */;
			buildPhases = (
				F33D551D202D57EC00264C81 /* Sources */,
				F33D551E202D57EC00264C81 /* Frameworks */,
				F33D551F202D57EC00264C81 /* Resources */,
			);
			buildRules = (
			);
			dependencies = (
			);
			name = BXTransition;
			productName = BXTransition;
			productReference = F33D5521202D57EC00264C81 /* BXTransition.app */;
			productType = "com.apple.product-type.application";
		};
/* End PBXNativeTarget section */

/* Begin PBXProject section */
		F33D5519202D57EC00264C81 /* Project object */ = {
			isa = PBXProject;
			attributes = {
				LastSwiftUpdateCheck = 0920;
				LastUpgradeCheck = 0920;
				ORGANIZATIONNAME = "Breno Pinto";
				TargetAttributes = {
					F33D5520202D57EC00264C81 = {
						CreatedOnToolsVersion = 9.2;
						ProvisioningStyle = Automatic;
					};
				};
			};
			buildConfigurationList = F33D551C202D57EC00264C81 /* Build configuration list for PBXProject "BXTransition" */;
			compatibilityVersion = "Xcode 8.0";
			developmentRegion = en;
			hasScannedForEncodings = 0;
			knownRegions = (
				en,
				Base,
			);
			mainGroup = F33D5518202D57EC00264C81;
			productRefGroup = F33D5522202D57EC00264C81 /* Products */;
			projectDirPath = "";
			projectRoot = "";
			targets = (
				F33D5520202D57EC00264C81 /* BXTransition */,
			);
		};
/* End PBXProject section */

/* Begin PBXResourcesBuildPhase section */
		F33D551F202D57EC00264C81 /* Resources */ = {
			isa = PBXResourcesBuildPhase;
			buildActionMask = 2147483647;
			files = (
				F33D552F202D57EC00264C81 /* LaunchScreen.storyboard in Resources */,
				F33D552C202D57EC00264C81 /* Assets.xcassets in Resources */,
				F33D552A202D57EC00264C81 /* Main.storyboard in Resources */,
			);
			runOnlyForDeploymentPostprocessing = 0;
		};
/* End PBXResourcesBuildPhase section */

/* Begin PBXSourcesBuildPhase section */
		F33D551D202D57EC00264C81 /* Sources */ = {
			isa = PBXSourcesBuildPhase;
			buildActionMask = 2147483647;
			files = (
				F33D553B202D677B00264C81 /* ViewController3.swift in Sources */,
				F33D553D202D678300264C81 /* ViewController4.swift in Sources */,
				F379D9662064B196000723BB /* BXTransition.swift in Sources */,
				F33D5537202D676900264C81 /* ViewController1.swift in Sources */,
				F33D5539202D677400264C81 /* ViewController2.swift in Sources */,
				F33D5527202D57EC00264C81 /* ViewController.swift in Sources */,
				F33D5525202D57EC00264C81 /* AppDelegate.swift in Sources */,
			);
			runOnlyForDeploymentPostprocessing = 0;
		};
/* End PBXSourcesBuildPhase section */

/* Begin PBXVariantGroup section */
		F33D5528202D57EC00264C81 /* Main.storyboard */ = {
			isa = PBXVariantGroup;
			children = (
				F33D5529202D57EC00264C81 /* Base */,
			);
			name = Main.storyboard;
			sourceTree = "<group>";
		};
		F33D552D202D57EC00264C81 /* LaunchScreen.storyboard */ = {
			isa = PBXVariantGroup;
			children = (
				F33D552E202D57EC00264C81 /* Base */,
			);
			name = LaunchScreen.storyboard;
			sourceTree = "<group>";
		};
/* End PBXVariantGroup section */

/* Begin XCBuildConfiguration section */
		F33D5531202D57EC00264C81 /* Debug */ = {
			isa = XCBuildConfiguration;
			buildSettings = {
				ALWAYS_SEARCH_USER_PATHS = NO;
				CLANG_ANALYZER_NONNULL = YES;
				CLANG_ANALYZER_NUMBER_OBJECT_CONVERSION = YES_AGGRESSIVE;
				CLANG_CXX_LANGUAGE_STANDARD = "gnu++14";
				CLANG_CXX_LIBRARY = "libc++";
				CLANG_ENABLE_MODULES = YES;
				CLANG_ENABLE_OBJC_ARC = YES;
				CLANG_WARN_BLOCK_CAPTURE_AUTORELEASING = YES;
				CLANG_WARN_BOOL_CONVERSION = YES;
				CLANG_WARN_COMMA = YES;
				CLANG_WARN_CONSTANT_CONVERSION = YES;
				CLANG_WARN_DIRECT_OBJC_ISA_USAGE = YES_ERROR;
				CLANG_WARN_DOCUMENTATION_COMMENTS = YES;
				CLANG_WARN_EMPTY_BODY = YES;
				CLANG_WARN_ENUM_CONVERSION = YES;
				CLANG_WARN_INFINITE_RECURSION = YES;
				CLANG_WARN_INT_CONVERSION = YES;
				CLANG_WARN_NON_LITERAL_NULL_CONVERSION = YES;
				CLANG_WARN_OBJC_LITERAL_CONVERSION = YES;
				CLANG_WARN_OBJC_ROOT_CLASS = YES_ERROR;
				CLANG_WARN_RANGE_LOOP_ANALYSIS = YES;
				CLANG_WARN_STRICT_PROTOTYPES = YES;
				CLANG_WARN_SUSPICIOUS_MOVE = YES;
				CLANG_WARN_UNGUARDED_AVAILABILITY = YES_AGGRESSIVE;
				CLANG_WARN_UNREACHABLE_CODE = YES;
				CLANG_WARN__DUPLICATE_METHOD_MATCH = YES;
				CODE_SIGN_IDENTITY = "iPhone Developer";
				COPY_PHASE_STRIP = NO;
				DEBUG_INFORMATION_FORMAT = dwarf;
				ENABLE_STRICT_OBJC_MSGSEND = YES;
				ENABLE_TESTABILITY = YES;
				GCC_C_LANGUAGE_STANDARD = gnu11;
				GCC_DYNAMIC_NO_PIC = NO;
				GCC_NO_COMMON_BLOCKS = YES;
				GCC_OPTIMIZATION_LEVEL = 0;
				GCC_PREPROCESSOR_DEFINITIONS = (
					"DEBUG=1",
					"$(inherited)",
				);
				GCC_WARN_64_TO_32_BIT_CONVERSION = YES;
				GCC_WARN_ABOUT_RETURN_TYPE = YES_ERROR;
				GCC_WARN_UNDECLARED_SELECTOR = YES;
				GCC_WARN_UNINITIALIZED_AUTOS = YES_AGGRESSIVE;
				GCC_WARN_UNUSED_FUNCTION = YES;
				GCC_WARN_UNUSED_VARIABLE = YES;
				IPHONEOS_DEPLOYMENT_TARGET = 11.2;
				MTL_ENABLE_DEBUG_INFO = YES;
				ONLY_ACTIVE_ARCH = YES;
				SDKROOT = iphoneos;
				SWIFT_ACTIVE_COMPILATION_CONDITIONS = DEBUG;
				SWIFT_OPTIMIZATION_LEVEL = "-Onone";
			};
			name = Debug;
		};
		F33D5532202D57EC00264C81 /* Release */ = {
			isa = XCBuildConfiguration;
			buildSettings = {
				ALWAYS_SEARCH_USER_PATHS = NO;
				CLANG_ANALYZER_NONNULL = YES;
				CLANG_ANALYZER_NUMBER_OBJECT_CONVERSION = YES_AGGRESSIVE;
				CLANG_CXX_LANGUAGE_STANDARD = "gnu++14";
				CLANG_CXX_LIBRARY = "libc++";
				CLANG_ENABLE_MODULES = YES;
				CLANG_ENABLE_OBJC_ARC = YES;
				CLANG_WARN_BLOCK_CAPTURE_AUTORELEASING = YES;
				CLANG_WARN_BOOL_CONVERSION = YES;
				CLANG_WARN_COMMA = YES;
				CLANG_WARN_CONSTANT_CONVERSION = YES;
				CLANG_WARN_DIRECT_OBJC_ISA_USAGE = YES_ERROR;
				CLANG_WARN_DOCUMENTATION_COMMENTS = YES;
				CLANG_WARN_EMPTY_BODY = YES;
				CLANG_WARN_ENUM_CONVERSION = YES;
				CLANG_WARN_INFINITE_RECURSION = YES;
				CLANG_WARN_INT_CONVERSION = YES;
				CLANG_WARN_NON_LITERAL_NULL_CONVERSION = YES;
				CLANG_WARN_OBJC_LITERAL_CONVERSION = YES;
				CLANG_WARN_OBJC_ROOT_CLASS = YES_ERROR;
				CLANG_WARN_RANGE_LOOP_ANALYSIS = YES;
				CLANG_WARN_STRICT_PROTOTYPES = YES;
				CLANG_WARN_SUSPICIOUS_MOVE = YES;
				CLANG_WARN_UNGUARDED_AVAILABILITY = YES_AGGRESSIVE;
				CLANG_WARN_UNREACHABLE_CODE = YES;
				CLANG_WARN__DUPLICATE_METHOD_MATCH = YES;
				CODE_SIGN_IDENTITY = "iPhone Developer";
				COPY_PHASE_STRIP = NO;
				DEBUG_INFORMATION_FORMAT = "dwarf-with-dsym";
				ENABLE_NS_ASSERTIONS = NO;
				ENABLE_STRICT_OBJC_MSGSEND = YES;
				GCC_C_LANGUAGE_STANDARD = gnu11;
				GCC_NO_COMMON_BLOCKS = YES;
				GCC_WARN_64_TO_32_BIT_CONVERSION = YES;
				GCC_WARN_ABOUT_RETURN_TYPE = YES_ERROR;
				GCC_WARN_UNDECLARED_SELECTOR = YES;
				GCC_WARN_UNINITIALIZED_AUTOS = YES_AGGRESSIVE;
				GCC_WARN_UNUSED_FUNCTION = YES;
				GCC_WARN_UNUSED_VARIABLE = YES;
				IPHONEOS_DEPLOYMENT_TARGET = 11.2;
				MTL_ENABLE_DEBUG_INFO = NO;
				SDKROOT = iphoneos;
				SWIFT_OPTIMIZATION_LEVEL = "-Owholemodule";
				VALIDATE_PRODUCT = YES;
			};
			name = Release;
		};
		F33D5534202D57EC00264C81 /* Debug */ = {
			isa = XCBuildConfiguration;
			buildSettings = {
				ASSETCATALOG_COMPILER_APPICON_NAME = AppIcon;
				CODE_SIGN_STYLE = Automatic;
				DEVELOPMENT_TEAM = 3MAW268EFW;
				INFOPLIST_FILE = BXTransition/Info.plist;
				LD_RUNPATH_SEARCH_PATHS = "$(inherited) @executable_path/Frameworks";
				PRODUCT_BUNDLE_IDENTIFIER = brenoxp.BXTransition;
				PRODUCT_NAME = "$(TARGET_NAME)";
				SWIFT_VERSION = 4.0;
				TARGETED_DEVICE_FAMILY = "1,2";
			};
			name = Debug;
		};
		F33D5535202D57EC00264C81 /* Release */ = {
			isa = XCBuildConfiguration;
			buildSettings = {
				ASSETCATALOG_COMPILER_APPICON_NAME = AppIcon;
				CODE_SIGN_STYLE = Automatic;
				DEVELOPMENT_TEAM = 3MAW268EFW;
				INFOPLIST_FILE = BXTransition/Info.plist;
				LD_RUNPATH_SEARCH_PATHS = "$(inherited) @executable_path/Frameworks";
				PRODUCT_BUNDLE_IDENTIFIER = brenoxp.BXTransition;
				PRODUCT_NAME = "$(TARGET_NAME)";
				SWIFT_VERSION = 4.0;
				TARGETED_DEVICE_FAMILY = "1,2";
			};
			name = Release;
		};
/* End XCBuildConfiguration section */

/* Begin XCConfigurationList section */
		F33D551C202D57EC00264C81 /* Build configuration list for PBXProject "BXTransition" */ = {
			isa = XCConfigurationList;
			buildConfigurations = (
				F33D5531202D57EC00264C81 /* Debug */,
				F33D5532202D57EC00264C81 /* Release */,
			);
			defaultConfigurationIsVisible = 0;
			defaultConfigurationName = Release;
		};
		F33D5533202D57EC00264C81 /* Build configuration list for PBXNativeTarget "BXTransition" */ = {
			isa = XCConfigurationList;
			buildConfigurations = (
				F33D5534202D57EC00264C81 /* Debug */,
				F33D5535202D57EC00264C81 /* Release */,
			);
			defaultConfigurationIsVisible = 0;
			defaultConfigurationName = Release;
		};
/* End XCConfigurationList section */
	};
	rootObject = F33D5519202D57EC00264C81 /* Project object */;
}
